// !$*UTF8*$!
{
	archiveVersion = 1;
	classes = {
	};
	objectVersion = 55;
	objects = {

/* Begin PBXBuildFile section */
		7CA04E25277172DE00A50EA1 /* AppDelegate.swift in Sources */ = {isa = PBXBuildFile; fileRef = 7CA04E24277172DE00A50EA1 /* AppDelegate.swift */; };
		7CA04E27277172DE00A50EA1 /* SceneDelegate.swift in Sources */ = {isa = PBXBuildFile; fileRef = 7CA04E26277172DE00A50EA1 /* SceneDelegate.swift */; };
		7CA04E29277172DE00A50EA1 /* ViewController.swift in Sources */ = {isa = PBXBuildFile; fileRef = 7CA04E28277172DE00A50EA1 /* ViewController.swift */; };
		7CA04E2C277172DE00A50EA1 /* Main.storyboard in Resources */ = {isa = PBXBuildFile; fileRef = 7CA04E2A277172DE00A50EA1 /* Main.storyboard */; };
		7CA04E2E277172DF00A50EA1 /* Assets.xcassets in Resources */ = {isa = PBXBuildFile; fileRef = 7CA04E2D277172DF00A50EA1 /* Assets.xcassets */; };
		7CA04E31277172DF00A50EA1 /* LaunchScreen.storyboard in Resources */ = {isa = PBXBuildFile; fileRef = 7CA04E2F277172DF00A50EA1 /* LaunchScreen.storyboard */; };
		7CA04E392771780E00A50EA1 /* snacks.mlmodel in Sources */ = {isa = PBXBuildFile; fileRef = 7CA04E382771780E00A50EA1 /* snacks.mlmodel */; };
		7CA04E3B2771786700A50EA1 /* MyAlbum.swift in Sources */ = {isa = PBXBuildFile; fileRef = 7CA04E3A2771786700A50EA1 /* MyAlbum.swift */; };
		7CA04E3D27717DC800A50EA1 /* CGImagePropertyOrientation.swift in Sources */ = {isa = PBXBuildFile; fileRef = 7CA04E3C27717DC800A50EA1 /* CGImagePropertyOrientation.swift */; };
		7CA04E3F27717FEC00A50EA1 /* TestTableViewController.swift in Sources */ = {isa = PBXBuildFile; fileRef = 7CA04E3E27717FEC00A50EA1 /* TestTableViewController.swift */; };
		7CA04E412771837800A50EA1 /* ToolCell.swift in Sources */ = {isa = PBXBuildFile; fileRef = 7CA04E402771837800A50EA1 /* ToolCell.swift */; };
		7CA04E43277184FC00A50EA1 /* ImageCell.swift in Sources */ = {isa = PBXBuildFile; fileRef = 7CA04E42277184FC00A50EA1 /* ImageCell.swift */; };
		7CA04E452771AC4300A50EA1 /* SinglePhotoViewController.swift in Sources */ = {isa = PBXBuildFile; fileRef = 7CA04E442771AC4300A50EA1 /* SinglePhotoViewController.swift */; };
		7CA04E472771AE0900A50EA1 /* ClassCell.swift in Sources */ = {isa = PBXBuildFile; fileRef = 7CA04E462771AE0900A50EA1 /* ClassCell.swift */; };
		7CA04E492771AEC800A50EA1 /* PureImageCell.swift in Sources */ = {isa = PBXBuildFile; fileRef = 7CA04E482771AEC800A50EA1 /* PureImageCell.swift */; };
		7CA04E4B2771BD3900A50EA1 /* ClassTableViewController.swift in Sources */ = {isa = PBXBuildFile; fileRef = 7CA04E4A2771BD3900A50EA1 /* ClassTableViewController.swift */; };
/* End PBXBuildFile section */

/* Begin PBXFileReference section */
		7CA04E21277172DE00A50EA1 /* OndDayHackathon.app */ = {isa = PBXFileReference; explicitFileType = wrapper.application; includeInIndex = 0; path = OndDayHackathon.app; sourceTree = BUILT_PRODUCTS_DIR; };
		7CA04E24277172DE00A50EA1 /* AppDelegate.swift */ = {isa = PBXFileReference; lastKnownFileType = sourcecode.swift; path = AppDelegate.swift; sourceTree = "<group>"; };
		7CA04E26277172DE00A50EA1 /* SceneDelegate.swift */ = {isa = PBXFileReference; lastKnownFileType = sourcecode.swift; path = SceneDelegate.swift; sourceTree = "<group>"; };
		7CA04E28277172DE00A50EA1 /* ViewController.swift */ = {isa = PBXFileReference; lastKnownFileType = sourcecode.swift; path = ViewController.swift; sourceTree = "<group>"; };
		7CA04E2B277172DE00A50EA1 /* Base */ = {isa = PBXFileReference; lastKnownFileType = file.storyboard; name = Base; path = Base.lproj/Main.storyboard; sourceTree = "<group>"; };
		7CA04E2D277172DF00A50EA1 /* Assets.xcassets */ = {isa = PBXFileReference; lastKnownFileType = folder.assetcatalog; path = Assets.xcassets; sourceTree = "<group>"; };
		7CA04E30277172DF00A50EA1 /* Base */ = {isa = PBXFileReference; lastKnownFileType = file.storyboard; name = Base; path = Base.lproj/LaunchScreen.storyboard; sourceTree = "<group>"; };
		7CA04E32277172DF00A50EA1 /* Info.plist */ = {isa = PBXFileReference; lastKnownFileType = text.plist.xml; path = Info.plist; sourceTree = "<group>"; };
		7CA04E382771780E00A50EA1 /* snacks.mlmodel */ = {isa = PBXFileReference; lastKnownFileType = file.mlmodel; name = snacks.mlmodel; path = "../onedayhackathon-CAR-hash/snacks.mlmodel"; sourceTree = "<group>"; };
		7CA04E3A2771786700A50EA1 /* MyAlbum.swift */ = {isa = PBXFileReference; lastKnownFileType = sourcecode.swift; path = MyAlbum.swift; sourceTree = "<group>"; };
		7CA04E3C27717DC800A50EA1 /* CGImagePropertyOrientation.swift */ = {isa = PBXFileReference; lastKnownFileType = sourcecode.swift; path = CGImagePropertyOrientation.swift; sourceTree = "<group>"; };
		7CA04E3E27717FEC00A50EA1 /* TestTableViewController.swift */ = {isa = PBXFileReference; lastKnownFileType = sourcecode.swift; path = TestTableViewController.swift; sourceTree = "<group>"; };
		7CA04E402771837800A50EA1 /* ToolCell.swift */ = {isa = PBXFileReference; lastKnownFileType = sourcecode.swift; path = ToolCell.swift; sourceTree = "<group>"; };
		7CA04E42277184FC00A50EA1 /* ImageCell.swift */ = {isa = PBXFileReference; lastKnownFileType = sourcecode.swift; path = ImageCell.swift; sourceTree = "<group>"; };
		7CA04E442771AC4300A50EA1 /* SinglePhotoViewController.swift */ = {isa = PBXFileReference; lastKnownFileType = sourcecode.swift; path = SinglePhotoViewController.swift; sourceTree = "<group>"; };
		7CA04E462771AE0900A50EA1 /* ClassCell.swift */ = {isa = PBXFileReference; lastKnownFileType = sourcecode.swift; path = ClassCell.swift; sourceTree = "<group>"; };
		7CA04E482771AEC800A50EA1 /* PureImageCell.swift */ = {isa = PBXFileReference; lastKnownFileType = sourcecode.swift; path = PureImageCell.swift; sourceTree = "<group>"; };
		7CA04E4A2771BD3900A50EA1 /* ClassTableViewController.swift */ = {isa = PBXFileReference; lastKnownFileType = sourcecode.swift; path = ClassTableViewController.swift; sourceTree = "<group>"; };
/* End PBXFileReference section */

/* Begin PBXFrameworksBuildPhase section */
		7CA04E1E277172DE00A50EA1 /* Frameworks */ = {
			isa = PBXFrameworksBuildPhase;
			buildActionMask = 2147483647;
			files = (
			);
			runOnlyForDeploymentPostprocessing = 0;
		};
/* End PBXFrameworksBuildPhase section */

/* Begin PBXGroup section */
		7CA04E18277172DE00A50EA1 = {
			isa = PBXGroup;
			children = (
				7CA04E402771837800A50EA1 /* ToolCell.swift */,
				7CA04E3E27717FEC00A50EA1 /* TestTableViewController.swift */,
				7CA04E382771780E00A50EA1 /* snacks.mlmodel */,
				7CA04E23277172DE00A50EA1 /* OndDayHackathon */,
				7CA04E22277172DE00A50EA1 /* Products */,
			);
			sourceTree = "<group>";
		};
		7CA04E22277172DE00A50EA1 /* Products */ = {
			isa = PBXGroup;
			children = (
				7CA04E21277172DE00A50EA1 /* OndDayHackathon.app */,
			);
			name = Products;
			sourceTree = "<group>";
		};
		7CA04E23277172DE00A50EA1 /* OndDayHackathon */ = {
			isa = PBXGroup;
			children = (
				7CA04E24277172DE00A50EA1 /* AppDelegate.swift */,
				7CA04E26277172DE00A50EA1 /* SceneDelegate.swift */,
				7CA04E28277172DE00A50EA1 /* ViewController.swift */,
				7CA04E4A2771BD3900A50EA1 /* ClassTableViewController.swift */,
				7CA04E482771AEC800A50EA1 /* PureImageCell.swift */,
				7CA04E3A2771786700A50EA1 /* MyAlbum.swift */,
				7CA04E42277184FC00A50EA1 /* ImageCell.swift */,
				7CA04E3C27717DC800A50EA1 /* CGImagePropertyOrientation.swift */,
				7CA04E2A277172DE00A50EA1 /* Main.storyboard */,
				7CA04E462771AE0900A50EA1 /* ClassCell.swift */,
				7CA04E442771AC4300A50EA1 /* SinglePhotoViewController.swift */,
				7CA04E2D277172DF00A50EA1 /* Assets.xcassets */,
				7CA04E2F277172DF00A50EA1 /* LaunchScreen.storyboard */,
				7CA04E32277172DF00A50EA1 /* Info.plist */,
			);
			path = OndDayHackathon;
			sourceTree = "<group>";
		};
/* End PBXGroup section */

/* Begin PBXNativeTarget section */
		7CA04E20277172DE00A50EA1 /* OndDayHackathon */ = {
			isa = PBXNativeTarget;
			buildConfigurationList = 7CA04E35277172DF00A50EA1 /* Build configuration list for PBXNativeTarget "OndDayHackathon" */;
			buildPhases = (
				7CA04E1D277172DE00A50EA1 /* Sources */,
				7CA04E1E277172DE00A50EA1 /* Frameworks */,
				7CA04E1F277172DE00A50EA1 /* Resources */,
			);
			buildRules = (
			);
			dependencies = (
			);
			name = OndDayHackathon;
			productName = OndDayHackathon;
			productReference = 7CA04E21277172DE00A50EA1 /* OndDayHackathon.app */;
			productType = "com.apple.product-type.application";
		};
/* End PBXNativeTarget section */

/* Begin PBXProject section */
		7CA04E19277172DE00A50EA1 /* Project object */ = {
			isa = PBXProject;
			attributes = {
				BuildIndependentTargetsInParallel = 1;
				LastSwiftUpdateCheck = 1300;
				LastUpgradeCheck = 1300;
				TargetAttributes = {
					7CA04E20277172DE00A50EA1 = {
						CreatedOnToolsVersion = 13.0;
					};
				};
			};
			buildConfigurationList = 7CA04E1C277172DE00A50EA1 /* Build configuration list for PBXProject "OndDayHackathon" */;
			compatibilityVersion = "Xcode 13.0";
			developmentRegion = en;
			hasScannedForEncodings = 0;
			knownRegions = (
				en,
				Base,
			);
			mainGroup = 7CA04E18277172DE00A50EA1;
			productRefGroup = 7CA04E22277172DE00A50EA1 /* Products */;
			projectDirPath = "";
			projectRoot = "";
			targets = (
				7CA04E20277172DE00A50EA1 /* OndDayHackathon */,
			);
		};
/* End PBXProject section */

/* Begin PBXResourcesBuildPhase section */
		7CA04E1F277172DE00A50EA1 /* Resources */ = {
			isa = PBXResourcesBuildPhase;
			buildActionMask = 2147483647;
			files = (
				7CA04E31277172DF00A50EA1 /* LaunchScreen.storyboard in Resources */,
				7CA04E2E277172DF00A50EA1 /* Assets.xcassets in Resources */,
				7CA04E2C277172DE00A50EA1 /* Main.storyboard in Resources */,
			);
			runOnlyForDeploymentPostprocessing = 0;
		};
/* End PBXResourcesBuildPhase section */

/* Begin PBXSourcesBuildPhase section */
		7CA04E1D277172DE00A50EA1 /* Sources */ = {
			isa = PBXSourcesBuildPhase;
			buildActionMask = 2147483647;
			files = (
				7CA04E29277172DE00A50EA1 /* ViewController.swift in Sources */,
				7CA04E392771780E00A50EA1 /* snacks.mlmodel in Sources */,
				7CA04E43277184FC00A50EA1 /* ImageCell.swift in Sources */,
				7CA04E472771AE0900A50EA1 /* ClassCell.swift in Sources */,
				7CA04E3B2771786700A50EA1 /* MyAlbum.swift in Sources */,
				7CA04E492771AEC800A50EA1 /* PureImageCell.swift in Sources */,
				7CA04E25277172DE00A50EA1 /* AppDelegate.swift in Sources */,
				7CA04E3D27717DC800A50EA1 /* CGImagePropertyOrientation.swift in Sources */,
				7CA04E3F27717FEC00A50EA1 /* TestTableViewController.swift in Sources */,
				7CA04E27277172DE00A50EA1 /* SceneDelegate.swift in Sources */,
				7CA04E412771837800A50EA1 /* ToolCell.swift in Sources */,
				7CA04E4B2771BD3900A50EA1 /* ClassTableViewController.swift in Sources */,
				7CA04E452771AC4300A50EA1 /* SinglePhotoViewController.swift in Sources */,
			);
			runOnlyForDeploymentPostprocessing = 0;
		};
/* End PBXSourcesBuildPhase section */

/* Begin PBXVariantGroup section */
		7CA04E2A277172DE00A50EA1 /* Main.storyboard */ = {
			isa = PBXVariantGroup;
			children = (
				7CA04E2B277172DE00A50EA1 /* Base */,
			);
			name = Main.storyboard;
			sourceTree = "<group>";
		};
		7CA04E2F277172DF00A50EA1 /* LaunchScreen.storyboard */ = {
			isa = PBXVariantGroup;
			children = (
				7CA04E30277172DF00A50EA1 /* Base */,
			);
			name = LaunchScreen.storyboard;
			sourceTree = "<group>";
		};
/* End PBXVariantGroup section */

/* Begin XCBuildConfiguration section */
		7CA04E33277172DF00A50EA1 /* Debug */ = {
			isa = XCBuildConfiguration;
			buildSettings = {
				ALWAYS_SEARCH_USER_PATHS = NO;
				CLANG_ANALYZER_NONNULL = YES;
				CLANG_ANALYZER_NUMBER_OBJECT_CONVERSION = YES_AGGRESSIVE;
				CLANG_CXX_LANGUAGE_STANDARD = "gnu++17";
				CLANG_CXX_LIBRARY = "libc++";
				CLANG_ENABLE_MODULES = YES;
				CLANG_ENABLE_OBJC_ARC = YES;
				CLANG_ENABLE_OBJC_WEAK = YES;
				CLANG_WARN_BLOCK_CAPTURE_AUTORELEASING = YES;
				CLANG_WARN_BOOL_CONVERSION = YES;
				CLANG_WARN_COMMA = YES;
				CLANG_WARN_CONSTANT_CONVERSION = YES;
				CLANG_WARN_DEPRECATED_OBJC_IMPLEMENTATIONS = YES;
				CLANG_WARN_DIRECT_OBJC_ISA_USAGE = YES_ERROR;
				CLANG_WARN_DOCUMENTATION_COMMENTS = YES;
				CLANG_WARN_EMPTY_BODY = YES;
				CLANG_WARN_ENUM_CONVERSION = YES;
				CLANG_WARN_INFINITE_RECURSION = YES;
				CLANG_WARN_INT_CONVERSION = YES;
				CLANG_WARN_NON_LITERAL_NULL_CONVERSION = YES;
				CLANG_WARN_OBJC_IMPLICIT_RETAIN_SELF = YES;
				CLANG_WARN_OBJC_LITERAL_CONVERSION = YES;
				CLANG_WARN_OBJC_ROOT_CLASS = YES_ERROR;
				CLANG_WARN_QUOTED_INCLUDE_IN_FRAMEWORK_HEADER = YES;
				CLANG_WARN_RANGE_LOOP_ANALYSIS = YES;
				CLANG_WARN_STRICT_PROTOTYPES = YES;
				CLANG_WARN_SUSPICIOUS_MOVE = YES;
				CLANG_WARN_UNGUARDED_AVAILABILITY = YES_AGGRESSIVE;
				CLANG_WARN_UNREACHABLE_CODE = YES;
				CLANG_WARN__DUPLICATE_METHOD_MATCH = YES;
				COPY_PHASE_STRIP = NO;
				DEBUG_INFORMATION_FORMAT = dwarf;
				ENABLE_STRICT_OBJC_MSGSEND = YES;
				ENABLE_TESTABILITY = YES;
				GCC_C_LANGUAGE_STANDARD = gnu11;
				GCC_DYNAMIC_NO_PIC = NO;
				GCC_NO_COMMON_BLOCKS = YES;
				GCC_OPTIMIZATION_LEVEL = 0;
				GCC_PREPROCESSOR_DEFINITIONS = (
					"DEBUG=1",
					"$(inherited)",
				);
				GCC_WARN_64_TO_32_BIT_CONVERSION = YES;
				GCC_WARN_ABOUT_RETURN_TYPE = YES_ERROR;
				GCC_WARN_UNDECLARED_SELECTOR = YES;
				GCC_WARN_UNINITIALIZED_AUTOS = YES_AGGRESSIVE;
				GCC_WARN_UNUSED_FUNCTION = YES;
				GCC_WARN_UNUSED_VARIABLE = YES;
				IPHONEOS_DEPLOYMENT_TARGET = 15.0;
				MTL_ENABLE_DEBUG_INFO = INCLUDE_SOURCE;
				MTL_FAST_MATH = YES;
				ONLY_ACTIVE_ARCH = YES;
				SDKROOT = iphoneos;
				SWIFT_ACTIVE_COMPILATION_CONDITIONS = DEBUG;
				SWIFT_OPTIMIZATION_LEVEL = "-Onone";
			};
			name = Debug;
		};
		7CA04E34277172DF00A50EA1 /* Release */ = {
			isa = XCBuildConfiguration;
			buildSettings = {
				ALWAYS_SEARCH_USER_PATHS = NO;
				CLANG_ANALYZER_NONNULL = YES;
				CLANG_ANALYZER_NUMBER_OBJECT_CONVERSION = YES_AGGRESSIVE;
				CLANG_CXX_LANGUAGE_STANDARD = "gnu++17";
				CLANG_CXX_LIBRARY = "libc++";
				CLANG_ENABLE_MODULES = YES;
				CLANG_ENABLE_OBJC_ARC = YES;
				CLANG_ENABLE_OBJC_WEAK = YES;
				CLANG_WARN_BLOCK_CAPTURE_AUTORELEASING = YES;
				CLANG_WARN_BOOL_CONVERSION = YES;
				CLANG_WARN_COMMA = YES;
				CLANG_WARN_CONSTANT_CONVERSION = YES;
				CLANG_WARN_DEPRECATED_OBJC_IMPLEMENTATIONS = YES;
				CLANG_WARN_DIRECT_OBJC_ISA_USAGE = YES_ERROR;
				CLANG_WARN_DOCUMENTATION_COMMENTS = YES;
				CLANG_WARN_EMPTY_BODY = YES;
				CLANG_WARN_ENUM_CONVERSION = YES;
				CLANG_WARN_INFINITE_RECURSION = YES;
				CLANG_WARN_INT_CONVERSION = YES;
				CLANG_WARN_NON_LITERAL_NULL_CONVERSION = YES;
				CLANG_WARN_OBJC_IMPLICIT_RETAIN_SELF = YES;
				CLANG_WARN_OBJC_LITERAL_CONVERSION = YES;
				CLANG_WARN_OBJC_ROOT_CLASS = YES_ERROR;
				CLANG_WARN_QUOTED_INCLUDE_IN_FRAMEWORK_HEADER = YES;
				CLANG_WARN_RANGE_LOOP_ANALYSIS = YES;
				CLANG_WARN_STRICT_PROTOTYPES = YES;
				CLANG_WARN_SUSPICIOUS_MOVE = YES;
				CLANG_WARN_UNGUARDED_AVAILABILITY = YES_AGGRESSIVE;
				CLANG_WARN_UNREACHABLE_CODE = YES;
				CLANG_WARN__DUPLICATE_METHOD_MATCH = YES;
				COPY_PHASE_STRIP = NO;
				DEBUG_INFORMATION_FORMAT = "dwarf-with-dsym";
				ENABLE_NS_ASSERTIONS = NO;
				ENABLE_STRICT_OBJC_MSGSEND = YES;
				GCC_C_LANGUAGE_STANDARD = gnu11;
				GCC_NO_COMMON_BLOCKS = YES;
				GCC_WARN_64_TO_32_BIT_CONVERSION = YES;
				GCC_WARN_ABOUT_RETURN_TYPE = YES_ERROR;
				GCC_WARN_UNDECLARED_SELECTOR = YES;
				GCC_WARN_UNINITIALIZED_AUTOS = YES_AGGRESSIVE;
				GCC_WARN_UNUSED_FUNCTION = YES;
				GCC_WARN_UNUSED_VARIABLE = YES;
				IPHONEOS_DEPLOYMENT_TARGET = 15.0;
				MTL_ENABLE_DEBUG_INFO = NO;
				MTL_FAST_MATH = YES;
				SDKROOT = iphoneos;
				SWIFT_COMPILATION_MODE = wholemodule;
				SWIFT_OPTIMIZATION_LEVEL = "-O";
				VALIDATE_PRODUCT = YES;
			};
			name = Release;
		};
		7CA04E36277172DF00A50EA1 /* Debug */ = {
			isa = XCBuildConfiguration;
			buildSettings = {
				ASSETCATALOG_COMPILER_APPICON_NAME = AppIcon;
				ASSETCATALOG_COMPILER_GLOBAL_ACCENT_COLOR_NAME = AccentColor;
				CODE_SIGN_STYLE = Automatic;
				CURRENT_PROJECT_VERSION = 1;
				DEVELOPMENT_TEAM = NXZCFUBSRM;
				GENERATE_INFOPLIST_FILE = YES;
				INFOPLIST_FILE = OndDayHackathon/Info.plist;
				INFOPLIST_KEY_UIApplicationSupportsIndirectInputEvents = YES;
				INFOPLIST_KEY_UILaunchStoryboardName = LaunchScreen;
				INFOPLIST_KEY_UIMainStoryboardFile = Main;
				INFOPLIST_KEY_UISupportedInterfaceOrientations_iPad = "UIInterfaceOrientationPortrait UIInterfaceOrientationPortraitUpsideDown UIInterfaceOrientationLandscapeLeft UIInterfaceOrientationLandscapeRight";
				INFOPLIST_KEY_UISupportedInterfaceOrientations_iPhone = "UIInterfaceOrientationPortrait UIInterfaceOrientationLandscapeLeft UIInterfaceOrientationLandscapeRight";
				LD_RUNPATH_SEARCH_PATHS = (
					"$(inherited)",
					"@executable_path/Frameworks",
				);
				MARKETING_VERSION = 1.0;
				PRODUCT_BUNDLE_IDENTIFIER = com.iwork.OndDayHackathon;
				PRODUCT_NAME = "$(TARGET_NAME)";
				SWIFT_EMIT_LOC_STRINGS = YES;
				SWIFT_VERSION = 5.0;
				TARGETED_DEVICE_FAMILY = "1,2";
			};
			name = Debug;
		};
		7CA04E37277172DF00A50EA1 /* Release */ = {
			isa = XCBuildConfiguration;
			buildSettings = {
				ASSETCATALOG_COMPILER_APPICON_NAME = AppIcon;
				ASSETCATALOG_COMPILER_GLOBAL_ACCENT_COLOR_NAME = AccentColor;
				CODE_SIGN_STYLE = Automatic;
				CURRENT_PROJECT_VERSION = 1;
				DEVELOPMENT_TEAM = NXZCFUBSRM;
				GENERATE_INFOPLIST_FILE = YES;
				INFOPLIST_FILE = OndDayHackathon/Info.plist;
				INFOPLIST_KEY_UIApplicationSupportsIndirectInputEvents = YES;
				INFOPLIST_KEY_UILaunchStoryboardName = LaunchScreen;
				INFOPLIST_KEY_UIMainStoryboardFile = Main;
				INFOPLIST_KEY_UISupportedInterfaceOrientations_iPad = "UIInterfaceOrientationPortrait UIInterfaceOrientationPortraitUpsideDown UIInterfaceOrientationLandscapeLeft UIInterfaceOrientationLandscapeRight";
				INFOPLIST_KEY_UISupportedInterfaceOrientations_iPhone = "UIInterfaceOrientationPortrait UIInterfaceOrientationLandscapeLeft UIInterfaceOrientationLandscapeRight";
				LD_RUNPATH_SEARCH_PATHS = (
					"$(inherited)",
					"@executable_path/Frameworks",
				);
				MARKETING_VERSION = 1.0;
				PRODUCT_BUNDLE_IDENTIFIER = com.iwork.OndDayHackathon;
				PRODUCT_NAME = "$(TARGET_NAME)";
				SWIFT_EMIT_LOC_STRINGS = YES;
				SWIFT_VERSION = 5.0;
				TARGETED_DEVICE_FAMILY = "1,2";
			};
			name = Release;
		};
/* End XCBuildConfiguration section */

/* Begin XCConfigurationList section */
		7CA04E1C277172DE00A50EA1 /* Build configuration list for PBXProject "OndDayHackathon" */ = {
			isa = XCConfigurationList;
			buildConfigurations = (
				7CA04E33277172DF00A50EA1 /* Debug */,
				7CA04E34277172DF00A50EA1 /* Release */,
			);
			defaultConfigurationIsVisible = 0;
			defaultConfigurationName = Release;
		};
		7CA04E35277172DF00A50EA1 /* Build configuration list for PBXNativeTarget "OndDayHackathon" */ = {
			isa = XCConfigurationList;
			buildConfigurations = (
				7CA04E36277172DF00A50EA1 /* Debug */,
				7CA04E37277172DF00A50EA1 /* Release */,
			);
			defaultConfigurationIsVisible = 0;
			defaultConfigurationName = Release;
		};
/* End XCConfigurationList section */
	};
	rootObject = 7CA04E19277172DE00A50EA1 /* Project object */;
}
